Microsoft Visual Studio Solution File, Format Version 12.00
# Visual Studio Version 17
VisualStudioVersion = 17.5.2.0
MinimumVisualStudioVersion = 10.0.40219.1
Project("{FAE04EC0-301F-11D3-BF4B-00C04F79EFBC}") = "DFS", "DFS.csproj", "{A344FFCC-1434-318C-C7B2-5FA13FBB800B}"
EndProject
Global
	GlobalSection(SolutionConfigurationPlatforms) = preSolution
		Debug|Any CPU = Debug|Any CPU
		Release|Any CPU = Release|Any CPU
	EndGlobalSection
	GlobalSection(ProjectConfigurationPlatforms) = postSolution
		{A344FFCC-1434-318C-C7B2-5FA13FBB800B}.Debug|Any CPU.ActiveCfg = Debug|Any CPU
		{A344FFCC-1434-318C-C7B2-5FA13FBB800B}.Debug|Any CPU.Build.0 = Debug|Any CPU
		{A344FFCC-1434-318C-C7B2-5FA13FBB800B}.Release|Any CPU.ActiveCfg = Release|Any CPU
		{A344FFCC-1434-318C-C7B2-5FA13FBB800B}.Release|Any CPU.Build.0 = Release|Any CPU
	EndGlobalSection
	GlobalSection(SolutionProperties) = preSolution
		HideSolutionNode = FALSE
	EndGlobalSection
	GlobalSection(ExtensibilityGlobals) = postSolution
		SolutionGuid = {50B37AC2-9CF5-4413-B6CA-636D4F4224D5}
	EndGlobalSection
EndGlobal
