
Microsoft Visual Studio Solution File, Format Version 12.00
# Visual Studio Version 17
VisualStudioVersion = 17.14.36221.1 d17.14
MinimumVisualStudioVersion = 10.0.40219.1
Project("{FAE04EC0-301F-11D3-BF4B-00C04F79EFBC}") = "FloodFillProblem", "FloodFillProblem\FloodFillProblem.csproj", "{60C05E8A-0341-4E2B-AB55-7E00A6691E03}"
EndProject
Global
	GlobalSection(SolutionConfigurationPlatforms) = preSolution
		Debug|Any CPU = Debug|Any CPU
		Release|Any CPU = Release|Any CPU
	EndGlobalSection
	GlobalSection(ProjectConfigurationPlatforms) = postSolution
		{60C05E8A-0341-4E2B-AB55-7E00A6691E03}.Debug|Any CPU.ActiveCfg = Debug|Any CPU
		{60C05E8A-0341-4E2B-AB55-7E00A6691E03}.Debug|Any CPU.Build.0 = Debug|Any CPU
		{60C05E8A-0341-4E2B-AB55-7E00A6691E03}.Release|Any CPU.ActiveCfg = Release|Any CPU
		{60C05E8A-0341-4E2B-AB55-7E00A6691E03}.Release|Any CPU.Build.0 = Release|Any CPU
	EndGlobalSection
	GlobalSection(SolutionProperties) = preSolution
		HideSolutionNode = FALSE
	EndGlobalSection
	GlobalSection(ExtensibilityGlobals) = postSolution
		SolutionGuid = {ED902FAA-BAE0-4164-AE8E-A2B40664FCAC}
	EndGlobalSection
EndGlobal
